
Microsoft Visual Studio Solution File, Format Version 12.00
# Visual Studio Version 17
VisualStudioVersion = 17.0.32112.339
MinimumVisualStudioVersion = 10.0.40219.1
Project("{FAE04EC0-301F-11D3-BF4B-00C04F79EFBC}") = "DeliveryDevil.Domain", "DeliveryDevil.Domain\DeliveryDevil.Domain.csproj", "{E0E18EE0-A2A4-4781-BF78-0D01B02E2F87}"
EndProject
Project("{9A19103F-16F7-4668-BE54-9A1E7A4F7556}") = "DeliveryDevil.API", "DeliveryDevil.API\DeliveryDevil.API.csproj", "{5D903ADD-1B19-467A-A882-375808540141}"
EndProject
Project("{FAE04EC0-301F-11D3-BF4B-00C04F79EFBC}") = "DeliveryDevil.Service", "DeliveryDevil.Service\DeliveryDevil.Service.csproj", "{F35F89C3-A9BC-46DD-ACA1-532F661CDD02}"
EndProject
Global
	GlobalSection(SolutionConfigurationPlatforms) = preSolution
		Debug|Any CPU = Debug|Any CPU
		Release|Any CPU = Release|Any CPU
	EndGlobalSection
	GlobalSection(ProjectConfigurationPlatforms) = postSolution
		{E0E18EE0-A2A4-4781-BF78-0D01B02E2F87}.Debug|Any CPU.ActiveCfg = Debug|Any CPU
		{E0E18EE0-A2A4-4781-BF78-0D01B02E2F87}.Debug|Any CPU.Build.0 = Debug|Any CPU
		{E0E18EE0-A2A4-4781-BF78-0D01B02E2F87}.Release|Any CPU.ActiveCfg = Release|Any CPU
		{E0E18EE0-A2A4-4781-BF78-0D01B02E2F87}.Release|Any CPU.Build.0 = Release|Any CPU
		{5D903ADD-1B19-467A-A882-375808540141}.Debug|Any CPU.ActiveCfg = Debug|Any CPU
		{5D903ADD-1B19-467A-A882-375808540141}.Debug|Any CPU.Build.0 = Debug|Any CPU
		{5D903ADD-1B19-467A-A882-375808540141}.Release|Any CPU.ActiveCfg = Release|Any CPU
		{5D903ADD-1B19-467A-A882-375808540141}.Release|Any CPU.Build.0 = Release|Any CPU
		{F35F89C3-A9BC-46DD-ACA1-532F661CDD02}.Debug|Any CPU.ActiveCfg = Debug|Any CPU
		{F35F89C3-A9BC-46DD-ACA1-532F661CDD02}.Debug|Any CPU.Build.0 = Debug|Any CPU
		{F35F89C3-A9BC-46DD-ACA1-532F661CDD02}.Release|Any CPU.ActiveCfg = Release|Any CPU
		{F35F89C3-A9BC-46DD-ACA1-532F661CDD02}.Release|Any CPU.Build.0 = Release|Any CPU
	EndGlobalSection
	GlobalSection(SolutionProperties) = preSolution
		HideSolutionNode = FALSE
	EndGlobalSection
	GlobalSection(ExtensibilityGlobals) = postSolution
		SolutionGuid = {3FC1C95D-7473-46E7-81E5-D990CFB93169}
	EndGlobalSection
EndGlobal
